
Microsoft Visual Studio Solution File, Format Version 12.00
# Visual Studio Version 17
VisualStudioVersion = 17.4.33213.308
MinimumVisualStudioVersion = 10.0.40219.1
Project("{8BC9CEB8-8B4A-11D0-8D11-00A0C91BC942}") = "函数重载与EXE反汇编", "函数重载与EXE反汇编.vcxproj", "{377F379F-B747-40A3-9932-B5FA54AA7D20}"
EndProject
Project("{8BC9CEB8-8B4A-11D0-8D11-00A0C91BC942}") = "函数默认参数", "..\函数默认参数\函数默认参数.vcxproj", "{FF3BB93D-0099-41D2-A0D4-3019EB4D07F9}"
EndProject
Global
	GlobalSection(SolutionConfigurationPlatforms) = preSolution
		Debug|x64 = Debug|x64
		Debug|x86 = Debug|x86
		Release|x64 = Release|x64
		Release|x86 = Release|x86
	EndGlobalSection
	GlobalSection(ProjectConfigurationPlatforms) = postSolution
		{377F379F-B747-40A3-9932-B5FA54AA7D20}.Debug|x64.ActiveCfg = Debug|x64
		{377F379F-B747-40A3-9932-B5FA54AA7D20}.Debug|x64.Build.0 = Debug|x64
		{377F379F-B747-40A3-9932-B5FA54AA7D20}.Debug|x86.ActiveCfg = Debug|Win32
		{377F379F-B747-40A3-9932-B5FA54AA7D20}.Debug|x86.Build.0 = Debug|Win32
		{377F379F-B747-40A3-9932-B5FA54AA7D20}.Release|x64.ActiveCfg = Release|x64
		{377F379F-B747-40A3-9932-B5FA54AA7D20}.Release|x64.Build.0 = Release|x64
		{377F379F-B747-40A3-9932-B5FA54AA7D20}.Release|x86.ActiveCfg = Release|Win32
		{377F379F-B747-40A3-9932-B5FA54AA7D20}.Release|x86.Build.0 = Release|Win32
		{FF3BB93D-0099-41D2-A0D4-3019EB4D07F9}.Debug|x64.ActiveCfg = Debug|x64
		{FF3BB93D-0099-41D2-A0D4-3019EB4D07F9}.Debug|x64.Build.0 = Debug|x64
		{FF3BB93D-0099-41D2-A0D4-3019EB4D07F9}.Debug|x86.ActiveCfg = Debug|Win32
		{FF3BB93D-0099-41D2-A0D4-3019EB4D07F9}.Debug|x86.Build.0 = Debug|Win32
		{FF3BB93D-0099-41D2-A0D4-3019EB4D07F9}.Release|x64.ActiveCfg = Release|x64
		{FF3BB93D-0099-41D2-A0D4-3019EB4D07F9}.Release|x64.Build.0 = Release|x64
		{FF3BB93D-0099-41D2-A0D4-3019EB4D07F9}.Release|x86.ActiveCfg = Release|Win32
		{FF3BB93D-0099-41D2-A0D4-3019EB4D07F9}.Release|x86.Build.0 = Release|Win32
	EndGlobalSection
	GlobalSection(SolutionProperties) = preSolution
		HideSolutionNode = FALSE
	EndGlobalSection
	GlobalSection(ExtensibilityGlobals) = postSolution
		SolutionGuid = {09687031-A4BA-4D00-BF66-CF9AB7BCD89D}
	EndGlobalSection
EndGlobal
